
Microsoft Visual Studio Solution File, Format Version 12.00
# Visual Studio Version 16
VisualStudioVersion = 16.0.31729.503
MinimumVisualStudioVersion = 10.0.40219.1
Project("{FAE04EC0-301F-11D3-BF4B-00C04F79EFBC}") = "GeekBurger.Products", "GeekBurger.Products\GeekBurger.Products.csproj", "{B353D946-9E5A-41AE-B3F2-9623EA68F029}"
EndProject
Project("{FAE04EC0-301F-11D3-BF4B-00C04F79EFBC}") = "GeekBurger.Products.Contract", "GeekBurger.Products.Contract\GeekBurger.Products.Contract.csproj", "{538392B5-EA9F-480A-AB54-8536BC501A42}"
EndProject
Global
	GlobalSection(SolutionConfigurationPlatforms) = preSolution
		Debug|Any CPU = Debug|Any CPU
		Release|Any CPU = Release|Any CPU
	EndGlobalSection
	GlobalSection(ProjectConfigurationPlatforms) = postSolution
		{B353D946-9E5A-41AE-B3F2-9623EA68F029}.Debug|Any CPU.ActiveCfg = Debug|Any CPU
		{B353D946-9E5A-41AE-B3F2-9623EA68F029}.Debug|Any CPU.Build.0 = Debug|Any CPU
		{B353D946-9E5A-41AE-B3F2-9623EA68F029}.Release|Any CPU.ActiveCfg = Release|Any CPU
		{B353D946-9E5A-41AE-B3F2-9623EA68F029}.Release|Any CPU.Build.0 = Release|Any CPU
		{538392B5-EA9F-480A-AB54-8536BC501A42}.Debug|Any CPU.ActiveCfg = Debug|Any CPU
		{538392B5-EA9F-480A-AB54-8536BC501A42}.Debug|Any CPU.Build.0 = Debug|Any CPU
		{538392B5-EA9F-480A-AB54-8536BC501A42}.Release|Any CPU.ActiveCfg = Release|Any CPU
		{538392B5-EA9F-480A-AB54-8536BC501A42}.Release|Any CPU.Build.0 = Release|Any CPU
	EndGlobalSection
	GlobalSection(SolutionProperties) = preSolution
		HideSolutionNode = FALSE
	EndGlobalSection
	GlobalSection(ExtensibilityGlobals) = postSolution
		SolutionGuid = {10C844F0-B4FD-4217-9624-1A1204D07B98}
	EndGlobalSection
EndGlobal
